PODS:
  - SnapKit (5.6.0)
  - Toaster (0.1.0):
    - SnapKit (~> 5.6.0)

DEPENDENCIES:
  - SnapKit (~> 5.6.0)
  - Toaster (from `../`)

SPEC REPOS:
  trunk:
    - SnapKit

EXTERNAL SOURCES:
  Toaster:
    :path: "../"

SPEC CHECKSUMS:
  SnapKit: e01d52ebb8ddbc333eefe2132acf85c8227d9c25
  Toaster: 4593195d118f130f85347f12c889dfef75e4c68d

PODFILE CHECKSUM: 45db4d03c546430ca1e6a3a97b0ba8e648b92724

COCOAPODS: 1.14.3
